
Microsoft Visual Studio Solution File, Format Version 12.00
# Visual Studio 15
VisualStudioVersion = 15.0.28307.421
MinimumVisualStudioVersion = 10.0.40219.1
Project("{8BC9CEB8-8B4A-11D0-8D11-00A0C91BC942}") = "8.2", "8.2\8.2.vcxproj", "{F66E51A2-18D3-4B93-A28F-7992B7969456}"
EndProject
Global
	GlobalSection(SolutionConfigurationPlatforms) = preSolution
		Debug|x64 = Debug|x64
		Debug|x86 = Debug|x86
		Release|x64 = Release|x64
		Release|x86 = Release|x86
	EndGlobalSection
	GlobalSection(ProjectConfigurationPlatforms) = postSolution
		{F66E51A2-18D3-4B93-A28F-7992B7969456}.Debug|x64.ActiveCfg = Debug|x64
		{F66E51A2-18D3-4B93-A28F-7992B7969456}.Debug|x64.Build.0 = Debug|x64
		{F66E51A2-18D3-4B93-A28F-7992B7969456}.Debug|x86.ActiveCfg = Debug|Win32
		{F66E51A2-18D3-4B93-A28F-7992B7969456}.Debug|x86.Build.0 = Debug|Win32
		{F66E51A2-18D3-4B93-A28F-7992B7969456}.Release|x64.ActiveCfg = Release|x64
		{F66E51A2-18D3-4B93-A28F-7992B7969456}.Release|x64.Build.0 = Release|x64
		{F66E51A2-18D3-4B93-A28F-7992B7969456}.Release|x86.ActiveCfg = Release|Win32
		{F66E51A2-18D3-4B93-A28F-7992B7969456}.Release|x86.Build.0 = Release|Win32
	EndGlobalSection
	GlobalSection(SolutionProperties) = preSolution
		HideSolutionNode = FALSE
	EndGlobalSection
	GlobalSection(ExtensibilityGlobals) = postSolution
		SolutionGuid = {92971B17-F95F-4FD1-B64D-903A735772FD}
	EndGlobalSection
EndGlobal
